// !$*UTF8*$!
{
	archiveVersion = 1;
	classes = {
	};
	objectVersion = 55;
	objects = {

/* Begin PBXBuildFile section */
		381E39C1272E7DFF00F8B4D9 /* ForgotPasswordView.swift in Sources */ = {isa = PBXBuildFile; fileRef = 381E39C0272E7DFF00F8B4D9 /* ForgotPasswordView.swift */; };
		381E39C5272EA75100F8B4D9 /* CloseButton.swift in Sources */ = {isa = PBXBuildFile; fileRef = 381E39C4272EA75100F8B4D9 /* CloseButton.swift */; };
		381E39C7272ED79400F8B4D9 /* SheetView.swift in Sources */ = {isa = PBXBuildFile; fileRef = 381E39C6272ED79400F8B4D9 /* SheetView.swift */; };
		381E39C9272EE14F00F8B4D9 /* HalfSheetModal.swift in Sources */ = {isa = PBXBuildFile; fileRef = 381E39C8272EE14E00F8B4D9 /* HalfSheetModal.swift */; };
		383D652B272149AE00C76927 /* ProfileView.swift in Sources */ = {isa = PBXBuildFile; fileRef = 383D652A272149AE00C76927 /* ProfileView.swift */; };
		383D652D2721BE7100C76927 /* OffsetPageTabView.swift in Sources */ = {isa = PBXBuildFile; fileRef = 383D652C2721BE7100C76927 /* OffsetPageTabView.swift */; };
		383D652F2721BEAB00C76927 /* OnBoardingContent.swift in Sources */ = {isa = PBXBuildFile; fileRef = 383D652E2721BEAB00C76927 /* OnBoardingContent.swift */; };
		383D65312721BF4600C76927 /* OnBoardingOverlay.swift in Sources */ = {isa = PBXBuildFile; fileRef = 383D65302721BF4600C76927 /* OnBoardingOverlay.swift */; };
		383F17AC27230FE9005173B0 /* BackButtonView.swift in Sources */ = {isa = PBXBuildFile; fileRef = 383F17AB27230FE9005173B0 /* BackButtonView.swift */; };
		389FB749274BC998005C576A /* VisualEffectBlur.swift in Sources */ = {isa = PBXBuildFile; fileRef = 389FB748274BC998005C576A /* VisualEffectBlur.swift */; };
		38B8708F2723DD4900AED736 /* VisualEffectBlur12.swift in Sources */ = {isa = PBXBuildFile; fileRef = 38B8708E2723DD4900AED736 /* VisualEffectBlur12.swift */; };
		38B870912723DD7D00AED736 /* TextFieldIcon.swift in Sources */ = {isa = PBXBuildFile; fileRef = 38B870902723DD7D00AED736 /* TextFieldIcon.swift */; };
		38B870932723DDF900AED736 /* GradientText.swift in Sources */ = {isa = PBXBuildFile; fileRef = 38B870922723DDF900AED736 /* GradientText.swift */; };
		38B870952723DF1000AED736 /* TestLoginView.swift in Sources */ = {isa = PBXBuildFile; fileRef = 38B870942723DF1000AED736 /* TestLoginView.swift */; };
		38B870972723E21300AED736 /* GradientButton.swift in Sources */ = {isa = PBXBuildFile; fileRef = 38B870962723E21300AED736 /* GradientButton.swift */; };
		38BE77A9272FF94D008498C3 /* Lottie in Frameworks */ = {isa = PBXBuildFile; productRef = 38BE77A8272FF94D008498C3 /* Lottie */; };
		38BE77AB272FF9A5008498C3 /* LottieView.swift in Sources */ = {isa = PBXBuildFile; fileRef = 38BE77AA272FF9A5008498C3 /* LottieView.swift */; };
		38BE77AE272FFA95008498C3 /* LoadingView.swift in Sources */ = {isa = PBXBuildFile; fileRef = 38BE77AD272FFA95008498C3 /* LoadingView.swift */; };
		38BE77B0272FFE80008498C3 /* loading.json in Resources */ = {isa = PBXBuildFile; fileRef = 38BE77AF272FFE7F008498C3 /* loading.json */; };
		38BE77B22730011E008498C3 /* loading2.json in Resources */ = {isa = PBXBuildFile; fileRef = 38BE77B12730011E008498C3 /* loading2.json */; };
		38BE77B42730039D008498C3 /* Paperplane.json in Resources */ = {isa = PBXBuildFile; fileRef = 38BE77B32730039D008498C3 /* Paperplane.json */; };
		38BE77B627301430008498C3 /* CustomTextField.swift in Sources */ = {isa = PBXBuildFile; fileRef = 38BE77B527301430008498C3 /* CustomTextField.swift */; };
		38BE77BA27302B71008498C3 /* ContentView.swift in Sources */ = {isa = PBXBuildFile; fileRef = 38BE77B927302B71008498C3 /* ContentView.swift */; };
		38BE77BC27302B81008498C3 /* SignupViewModel.swift in Sources */ = {isa = PBXBuildFile; fileRef = 38BE77BB27302B81008498C3 /* SignupViewModel.swift */; };
		38C26AF0272A948D0095F68C /* Product.swift in Sources */ = {isa = PBXBuildFile; fileRef = 38C26AEF272A948D0095F68C /* Product.swift */; };
		38CF090327203FCC0079C51B /* diplom_projectApp.swift in Sources */ = {isa = PBXBuildFile; fileRef = 38CF08F327203FCA0079C51B /* diplom_projectApp.swift */; };
		38CF090427203FCC0079C51B /* diplom_projectApp.swift in Sources */ = {isa = PBXBuildFile; fileRef = 38CF08F327203FCA0079C51B /* diplom_projectApp.swift */; };
		38CF090727203FCC0079C51B /* Assets.xcassets in Resources */ = {isa = PBXBuildFile; fileRef = 38CF08F527203FCC0079C51B /* Assets.xcassets */; };
		38CF090827203FCC0079C51B /* Assets.xcassets in Resources */ = {isa = PBXBuildFile; fileRef = 38CF08F527203FCC0079C51B /* Assets.xcassets */; };
		38CF0937272041540079C51B /* LaunchView.swift in Sources */ = {isa = PBXBuildFile; fileRef = 38CF0936272041540079C51B /* LaunchView.swift */; };
		38CF093D272041C90079C51B /* Constants.swift in Sources */ = {isa = PBXBuildFile; fileRef = 38CF093C272041C90079C51B /* Constants.swift */; };
		38CF093F272041E50079C51B /* ContentModel.swift in Sources */ = {isa = PBXBuildFile; fileRef = 38CF093E272041E50079C51B /* ContentModel.swift */; };
		38CF0942272046AA0079C51B /* OnBoardingView.swift in Sources */ = {isa = PBXBuildFile; fileRef = 38CF0941272046AA0079C51B /* OnBoardingView.swift */; };
		38CF0945272047B20079C51B /* HomeView.swift in Sources */ = {isa = PBXBuildFile; fileRef = 38CF0944272047B20079C51B /* HomeView.swift */; };
		38D8AA192732ADB60058BB1D /* AppDelegate.swift in Sources */ = {isa = PBXBuildFile; fileRef = 38D8AA182732ADB60058BB1D /* AppDelegate.swift */; };
/* End PBXBuildFile section */

/* Begin PBXFileReference section */
		381E39C0272E7DFF00F8B4D9 /* ForgotPasswordView.swift */ = {isa = PBXFileReference; lastKnownFileType = sourcecode.swift; path = ForgotPasswordView.swift; sourceTree = "<group>"; };
		381E39C4272EA75100F8B4D9 /* CloseButton.swift */ = {isa = PBXFileReference; fileEncoding = 4; lastKnownFileType = sourcecode.swift; path = CloseButton.swift; sourceTree = "<group>"; };
		381E39C6272ED79400F8B4D9 /* SheetView.swift */ = {isa = PBXFileReference; lastKnownFileType = sourcecode.swift; path = SheetView.swift; sourceTree = "<group>"; };
		381E39C8272EE14E00F8B4D9 /* HalfSheetModal.swift */ = {isa = PBXFileReference; fileEncoding = 4; lastKnownFileType = sourcecode.swift; path = HalfSheetModal.swift; sourceTree = "<group>"; };
		383D652A272149AE00C76927 /* ProfileView.swift */ = {isa = PBXFileReference; lastKnownFileType = sourcecode.swift; path = ProfileView.swift; sourceTree = "<group>"; };
		383D652C2721BE7100C76927 /* OffsetPageTabView.swift */ = {isa = PBXFileReference; fileEncoding = 4; lastKnownFileType = sourcecode.swift; path = OffsetPageTabView.swift; sourceTree = "<group>"; };
		383D652E2721BEAB00C76927 /* OnBoardingContent.swift */ = {isa = PBXFileReference; lastKnownFileType = sourcecode.swift; path = OnBoardingContent.swift; sourceTree = "<group>"; };
		383D65302721BF4600C76927 /* OnBoardingOverlay.swift */ = {isa = PBXFileReference; lastKnownFileType = sourcecode.swift; path = OnBoardingOverlay.swift; sourceTree = "<group>"; };
		383F17AB27230FE9005173B0 /* BackButtonView.swift */ = {isa = PBXFileReference; lastKnownFileType = sourcecode.swift; path = BackButtonView.swift; sourceTree = "<group>"; };
		389FB748274BC998005C576A /* VisualEffectBlur.swift */ = {isa = PBXFileReference; fileEncoding = 4; lastKnownFileType = sourcecode.swift; path = VisualEffectBlur.swift; sourceTree = "<group>"; };
		38B8708E2723DD4900AED736 /* VisualEffectBlur12.swift */ = {isa = PBXFileReference; fileEncoding = 4; lastKnownFileType = sourcecode.swift; path = VisualEffectBlur12.swift; sourceTree = "<group>"; };
		38B870902723DD7D00AED736 /* TextFieldIcon.swift */ = {isa = PBXFileReference; fileEncoding = 4; lastKnownFileType = sourcecode.swift; path = TextFieldIcon.swift; sourceTree = "<group>"; };
		38B870922723DDF900AED736 /* GradientText.swift */ = {isa = PBXFileReference; fileEncoding = 4; lastKnownFileType = sourcecode.swift; path = GradientText.swift; sourceTree = "<group>"; };
		38B870942723DF1000AED736 /* TestLoginView.swift */ = {isa = PBXFileReference; lastKnownFileType = sourcecode.swift; path = TestLoginView.swift; sourceTree = "<group>"; };
		38B870962723E21300AED736 /* GradientButton.swift */ = {isa = PBXFileReference; fileEncoding = 4; lastKnownFileType = sourcecode.swift; path = GradientButton.swift; sourceTree = "<group>"; };
		38BE77AA272FF9A5008498C3 /* LottieView.swift */ = {isa = PBXFileReference; fileEncoding = 4; lastKnownFileType = sourcecode.swift; path = LottieView.swift; sourceTree = "<group>"; };
		38BE77AD272FFA95008498C3 /* LoadingView.swift */ = {isa = PBXFileReference; fileEncoding = 4; lastKnownFileType = sourcecode.swift; path = LoadingView.swift; sourceTree = "<group>"; };
		38BE77AF272FFE7F008498C3 /* loading.json */ = {isa = PBXFileReference; fileEncoding = 4; lastKnownFileType = text.json; path = loading.json; sourceTree = "<group>"; };
		38BE77B12730011E008498C3 /* loading2.json */ = {isa = PBXFileReference; fileEncoding = 4; lastKnownFileType = text.json; path = loading2.json; sourceTree = "<group>"; };
		38BE77B32730039D008498C3 /* Paperplane.json */ = {isa = PBXFileReference; fileEncoding = 4; lastKnownFileType = text.json; path = Paperplane.json; sourceTree = "<group>"; };
		38BE77B527301430008498C3 /* CustomTextField.swift */ = {isa = PBXFileReference; lastKnownFileType = sourcecode.swift; path = CustomTextField.swift; sourceTree = "<group>"; };
		38BE77B927302B71008498C3 /* ContentView.swift */ = {isa = PBXFileReference; fileEncoding = 4; lastKnownFileType = sourcecode.swift; path = ContentView.swift; sourceTree = "<group>"; };
		38BE77BB27302B81008498C3 /* SignupViewModel.swift */ = {isa = PBXFileReference; fileEncoding = 4; lastKnownFileType = sourcecode.swift; path = SignupViewModel.swift; sourceTree = "<group>"; };
		38C26AEF272A948D0095F68C /* Product.swift */ = {isa = PBXFileReference; lastKnownFileType = sourcecode.swift; path = Product.swift; sourceTree = "<group>"; };
		38CF08F327203FCA0079C51B /* diplom_projectApp.swift */ = {isa = PBXFileReference; lastKnownFileType = sourcecode.swift; path = diplom_projectApp.swift; sourceTree = "<group>"; };
		38CF08F527203FCC0079C51B /* Assets.xcassets */ = {isa = PBXFileReference; lastKnownFileType = folder.assetcatalog; path = Assets.xcassets; sourceTree = "<group>"; };
		38CF08FA27203FCC0079C51B /* diplom-project.app */ = {isa = PBXFileReference; explicitFileType = wrapper.application; includeInIndex = 0; path = "diplom-project.app"; sourceTree = BUILT_PRODUCTS_DIR; };
		38CF090027203FCC0079C51B /* diplom-project.app */ = {isa = PBXFileReference; explicitFileType = wrapper.application; includeInIndex = 0; path = "diplom-project.app"; sourceTree = BUILT_PRODUCTS_DIR; };
		38CF090227203FCC0079C51B /* macOS.entitlements */ = {isa = PBXFileReference; lastKnownFileType = text.plist.entitlements; path = macOS.entitlements; sourceTree = "<group>"; };
		38CF0936272041540079C51B /* LaunchView.swift */ = {isa = PBXFileReference; lastKnownFileType = sourcecode.swift; path = LaunchView.swift; sourceTree = "<group>"; };
		38CF093C272041C90079C51B /* Constants.swift */ = {isa = PBXFileReference; lastKnownFileType = sourcecode.swift; path = Constants.swift; sourceTree = "<group>"; };
		38CF093E272041E50079C51B /* ContentModel.swift */ = {isa = PBXFileReference; lastKnownFileType = sourcecode.swift; path = ContentModel.swift; sourceTree = "<group>"; };
		38CF0941272046AA0079C51B /* OnBoardingView.swift */ = {isa = PBXFileReference; lastKnownFileType = sourcecode.swift; path = OnBoardingView.swift; sourceTree = "<group>"; };
		38CF0944272047B20079C51B /* HomeView.swift */ = {isa = PBXFileReference; lastKnownFileType = sourcecode.swift; path = HomeView.swift; sourceTree = "<group>"; };
		38D8AA182732ADB60058BB1D /* AppDelegate.swift */ = {isa = PBXFileReference; fileEncoding = 4; lastKnownFileType = sourcecode.swift; path = AppDelegate.swift; sourceTree = "<group>"; };
/* End PBXFileReference section */

/* Begin PBXFrameworksBuildPhase section */
		38CF08F727203FCC0079C51B /* Frameworks */ = {
			isa = PBXFrameworksBuildPhase;
			buildActionMask = 2147483647;
			files = (
				38BE77A9272FF94D008498C3 /* Lottie in Frameworks */,
			);
			runOnlyForDeploymentPostprocessing = 0;
		};
		38CF08FD27203FCC0079C51B /* Frameworks */ = {
			isa = PBXFrameworksBuildPhase;
			buildActionMask = 2147483647;
			files = (
			);
			runOnlyForDeploymentPostprocessing = 0;
		};
/* End PBXFrameworksBuildPhase section */

/* Begin PBXGroup section */
		383F17AD27231153005173B0 /* Common */ = {
			isa = PBXGroup;
			children = (
				381E39C4272EA75100F8B4D9 /* CloseButton.swift */,
				38B870922723DDF900AED736 /* GradientText.swift */,
				38B870902723DD7D00AED736 /* TextFieldIcon.swift */,
				383F17AB27230FE9005173B0 /* BackButtonView.swift */,
				38B870962723E21300AED736 /* GradientButton.swift */,
				381E39C6272ED79400F8B4D9 /* SheetView.swift */,
				38BE77AD272FFA95008498C3 /* LoadingView.swift */,
				38BE77B527301430008498C3 /* CustomTextField.swift */,
			);
			path = Common;
			sourceTree = "<group>";
		};
		38BE77AC272FF9F8008498C3 /* Lottie */ = {
			isa = PBXGroup;
			children = (
				38BE77B32730039D008498C3 /* Paperplane.json */,
				38BE77B12730011E008498C3 /* loading2.json */,
				38BE77AF272FFE7F008498C3 /* loading.json */,
			);
			path = Lottie;
			sourceTree = "<group>";
		};
		38CF08ED27203FC90079C51B = {
			isa = PBXGroup;
			children = (
				38CF08F227203FCA0079C51B /* Shared */,
				38CF090127203FCC0079C51B /* macOS */,
				38CF08FB27203FCC0079C51B /* Products */,
			);
			sourceTree = "<group>";
		};
		38CF08F227203FCA0079C51B /* Shared */ = {
			isa = PBXGroup;
			children = (
				38CF08F327203FCA0079C51B /* diplom_projectApp.swift */,
				38BE77B927302B71008498C3 /* ContentView.swift */,
				38CF0935272041430079C51B /* Views */,
				38CF09382720416C0079C51B /* ViewModels */,
				38CF09392720417B0079C51B /* Models */,
				38CF093A272041900079C51B /* Resources */,
				38BE77AA272FF9A5008498C3 /* LottieView.swift */,
				38CF093B272041960079C51B /* Helpers */,
				38BE77AC272FF9F8008498C3 /* Lottie */,
				38CF08F527203FCC0079C51B /* Assets.xcassets */,
			);
			path = Shared;
			sourceTree = "<group>";
		};
		38CF08FB27203FCC0079C51B /* Products */ = {
			isa = PBXGroup;
			children = (
				38CF08FA27203FCC0079C51B /* diplom-project.app */,
				38CF090027203FCC0079C51B /* diplom-project.app */,
			);
			name = Products;
			sourceTree = "<group>";
		};
		38CF090127203FCC0079C51B /* macOS */ = {
			isa = PBXGroup;
			children = (
				38CF090227203FCC0079C51B /* macOS.entitlements */,
			);
			path = macOS;
			sourceTree = "<group>";
		};
		38CF0935272041430079C51B /* Views */ = {
			isa = PBXGroup;
			children = (
				38CF0936272041540079C51B /* LaunchView.swift */,
				383F17AD27231153005173B0 /* Common */,
				38CF0943272047A40079C51B /* Home */,
				38CF09402720468E0079C51B /* OnBoarding */,
				38CF09462720490F0079C51B /* Account */,
			);
			path = Views;
			sourceTree = "<group>";
		};
		38CF09382720416C0079C51B /* ViewModels */ = {
			isa = PBXGroup;
			children = (
				38CF093E272041E50079C51B /* ContentModel.swift */,
				38BE77BB27302B81008498C3 /* SignupViewModel.swift */,
			);
			path = ViewModels;
			sourceTree = "<group>";
		};
		38CF09392720417B0079C51B /* Models */ = {
			isa = PBXGroup;
			children = (
				38C26AEF272A948D0095F68C /* Product.swift */,
			);
			path = Models;
			sourceTree = "<group>";
		};
		38CF093A272041900079C51B /* Resources */ = {
			isa = PBXGroup;
			children = (
			);
			path = Resources;
			sourceTree = "<group>";
		};
		38CF093B272041960079C51B /* Helpers */ = {
			isa = PBXGroup;
			children = (
				38D8AA182732ADB60058BB1D /* AppDelegate.swift */,
				381E39C8272EE14E00F8B4D9 /* HalfSheetModal.swift */,
				38B8708E2723DD4900AED736 /* VisualEffectBlur12.swift */,
				389FB748274BC998005C576A /* VisualEffectBlur.swift */,
				38CF093C272041C90079C51B /* Constants.swift */,
			);
			path = Helpers;
			sourceTree = "<group>";
		};
		38CF09402720468E0079C51B /* OnBoarding */ = {
			isa = PBXGroup;
			children = (
				38CF0941272046AA0079C51B /* OnBoardingView.swift */,
				383D652C2721BE7100C76927 /* OffsetPageTabView.swift */,
				383D652E2721BEAB00C76927 /* OnBoardingContent.swift */,
				383D65302721BF4600C76927 /* OnBoardingOverlay.swift */,
			);
			path = OnBoarding;
			sourceTree = "<group>";
		};
		38CF0943272047A40079C51B /* Home */ = {
			isa = PBXGroup;
			children = (
				38CF0944272047B20079C51B /* HomeView.swift */,
			);
			path = Home;
			sourceTree = "<group>";
		};
		38CF09462720490F0079C51B /* Account */ = {
			isa = PBXGroup;
			children = (
				383D652A272149AE00C76927 /* ProfileView.swift */,
				38B870942723DF1000AED736 /* TestLoginView.swift */,
				381E39C0272E7DFF00F8B4D9 /* ForgotPasswordView.swift */,
			);
			path = Account;
			sourceTree = "<group>";
		};
/* End PBXGroup section */

/* Begin PBXNativeTarget section */
		38CF08F927203FCC0079C51B /* diplom-project (iOS) */ = {
			isa = PBXNativeTarget;
			buildConfigurationList = 38CF090B27203FCC0079C51B /* Build configuration list for PBXNativeTarget "diplom-project (iOS)" */;
			buildPhases = (
				38CF08F627203FCC0079C51B /* Sources */,
				38CF08F727203FCC0079C51B /* Frameworks */,
				38CF08F827203FCC0079C51B /* Resources */,
			);
			buildRules = (
			);
			dependencies = (
			);
			name = "diplom-project (iOS)";
			packageProductDependencies = (
				38BE77A8272FF94D008498C3 /* Lottie */,
			);
			productName = "diplom-project (iOS)";
			productReference = 38CF08FA27203FCC0079C51B /* diplom-project.app */;
			productType = "com.apple.product-type.application";
		};
		38CF08FF27203FCC0079C51B /* diplom-project (macOS) */ = {
			isa = PBXNativeTarget;
			buildConfigurationList = 38CF090E27203FCC0079C51B /* Build configuration list for PBXNativeTarget "diplom-project (macOS)" */;
			buildPhases = (
				38CF08FC27203FCC0079C51B /* Sources */,
				38CF08FD27203FCC0079C51B /* Frameworks */,
				38CF08FE27203FCC0079C51B /* Resources */,
			);
			buildRules = (
			);
			dependencies = (
			);
			name = "diplom-project (macOS)";
			productName = "diplom-project (macOS)";
			productReference = 38CF090027203FCC0079C51B /* diplom-project.app */;
			productType = "com.apple.product-type.application";
		};
/* End PBXNativeTarget section */

/* Begin PBXProject section */
		38CF08EE27203FC90079C51B /* Project object */ = {
			isa = PBXProject;
			attributes = {
				BuildIndependentTargetsInParallel = 1;
				LastSwiftUpdateCheck = 1300;
				LastUpgradeCheck = 1300;
				TargetAttributes = {
					38CF08F927203FCC0079C51B = {
						CreatedOnToolsVersion = 13.0;
					};
					38CF08FF27203FCC0079C51B = {
						CreatedOnToolsVersion = 13.0;
					};
				};
			};
			buildConfigurationList = 38CF08F127203FC90079C51B /* Build configuration list for PBXProject "diplom-project" */;
			compatibilityVersion = "Xcode 13.0";
			developmentRegion = en;
			hasScannedForEncodings = 0;
			knownRegions = (
				en,
				Base,
			);
			mainGroup = 38CF08ED27203FC90079C51B;
			packageReferences = (
				38BE77A7272FF94D008498C3 /* XCRemoteSwiftPackageReference "lottie-ios" */,
			);
			productRefGroup = 38CF08FB27203FCC0079C51B /* Products */;
			projectDirPath = "";
			projectRoot = "";
			targets = (
				38CF08F927203FCC0079C51B /* diplom-project (iOS) */,
				38CF08FF27203FCC0079C51B /* diplom-project (macOS) */,
			);
		};
/* End PBXProject section */

/* Begin PBXResourcesBuildPhase section */
		38CF08F827203FCC0079C51B /* Resources */ = {
			isa = PBXResourcesBuildPhase;
			buildActionMask = 2147483647;
			files = (
				38BE77B0272FFE80008498C3 /* loading.json in Resources */,
				38CF090727203FCC0079C51B /* Assets.xcassets in Resources */,
				38BE77B22730011E008498C3 /* loading2.json in Resources */,
				38BE77B42730039D008498C3 /* Paperplane.json in Resources */,
			);
			runOnlyForDeploymentPostprocessing = 0;
		};
		38CF08FE27203FCC0079C51B /* Resources */ = {
			isa = PBXResourcesBuildPhase;
			buildActionMask = 2147483647;
			files = (
				38CF090827203FCC0079C51B /* Assets.xcassets in Resources */,
			);
			runOnlyForDeploymentPostprocessing = 0;
		};
/* End PBXResourcesBuildPhase section */

/* Begin PBXSourcesBuildPhase section */
		38CF08F627203FCC0079C51B /* Sources */ = {
			isa = PBXSourcesBuildPhase;
			buildActionMask = 2147483647;
			files = (
				38BE77BC27302B81008498C3 /* SignupViewModel.swift in Sources */,
				38BE77B627301430008498C3 /* CustomTextField.swift in Sources */,
				38C26AF0272A948D0095F68C /* Product.swift in Sources */,
				38B870932723DDF900AED736 /* GradientText.swift in Sources */,
				38D8AA192732ADB60058BB1D /* AppDelegate.swift in Sources */,
				383D652B272149AE00C76927 /* ProfileView.swift in Sources */,
				38B870912723DD7D00AED736 /* TextFieldIcon.swift in Sources */,
				389FB749274BC998005C576A /* VisualEffectBlur.swift in Sources */,
				383F17AC27230FE9005173B0 /* BackButtonView.swift in Sources */,
				383D652D2721BE7100C76927 /* OffsetPageTabView.swift in Sources */,
				38CF0945272047B20079C51B /* HomeView.swift in Sources */,
				38CF0937272041540079C51B /* LaunchView.swift in Sources */,
				381E39C9272EE14F00F8B4D9 /* HalfSheetModal.swift in Sources */,
				38CF093F272041E50079C51B /* ContentModel.swift in Sources */,
				381E39C1272E7DFF00F8B4D9 /* ForgotPasswordView.swift in Sources */,
				38B8708F2723DD4900AED736 /* VisualEffectBlur12.swift in Sources */,
				38BE77BA27302B71008498C3 /* ContentView.swift in Sources */,
				38CF0942272046AA0079C51B /* OnBoardingView.swift in Sources */,
				38B870952723DF1000AED736 /* TestLoginView.swift in Sources */,
				383D65312721BF4600C76927 /* OnBoardingOverlay.swift in Sources */,
				381E39C7272ED79400F8B4D9 /* SheetView.swift in Sources */,
				38BE77AE272FFA95008498C3 /* LoadingView.swift in Sources */,
				38B870972723E21300AED736 /* GradientButton.swift in Sources */,
				38CF090327203FCC0079C51B /* diplom_projectApp.swift in Sources */,
				381E39C5272EA75100F8B4D9 /* CloseButton.swift in Sources */,
				383D652F2721BEAB00C76927 /* OnBoardingContent.swift in Sources */,
				38CF093D272041C90079C51B /* Constants.swift in Sources */,
				38BE77AB272FF9A5008498C3 /* LottieView.swift in Sources */,
			);
			runOnlyForDeploymentPostprocessing = 0;
		};
		38CF08FC27203FCC0079C51B /* Sources */ = {
			isa = PBXSourcesBuildPhase;
			buildActionMask = 2147483647;
			files = (
				38CF090427203FCC0079C51B /* diplom_projectApp.swift in Sources */,
			);
			runOnlyForDeploymentPostprocessing = 0;
		};
/* End PBXSourcesBuildPhase section */

/* Begin XCBuildConfiguration section */
		38CF090927203FCC0079C51B /* Debug */ = {
			isa = XCBuildConfiguration;
			buildSettings = {
				ALWAYS_SEARCH_USER_PATHS = NO;
				CLANG_ANALYZER_NONNULL = YES;
				CLANG_ANALYZER_NUMBER_OBJECT_CONVERSION = YES_AGGRESSIVE;
				CLANG_CXX_LANGUAGE_STANDARD = "gnu++17";
				CLANG_CXX_LIBRARY = "libc++";
				CLANG_ENABLE_MODULES = YES;
				CLANG_ENABLE_OBJC_ARC = YES;
				CLANG_ENABLE_OBJC_WEAK = YES;
				CLANG_WARN_BLOCK_CAPTURE_AUTORELEASING = YES;
				CLANG_WARN_BOOL_CONVERSION = YES;
				CLANG_WARN_COMMA = YES;
				CLANG_WARN_CONSTANT_CONVERSION = YES;
				CLANG_WARN_DEPRECATED_OBJC_IMPLEMENTATIONS = YES;
				CLANG_WARN_DIRECT_OBJC_ISA_USAGE = YES_ERROR;
				CLANG_WARN_DOCUMENTATION_COMMENTS = YES;
				CLANG_WARN_EMPTY_BODY = YES;
				CLANG_WARN_ENUM_CONVERSION = YES;
				CLANG_WARN_INFINITE_RECURSION = YES;
				CLANG_WARN_INT_CONVERSION = YES;
				CLANG_WARN_NON_LITERAL_NULL_CONVERSION = YES;
				CLANG_WARN_OBJC_IMPLICIT_RETAIN_SELF = YES;
				CLANG_WARN_OBJC_LITERAL_CONVERSION = YES;
				CLANG_WARN_OBJC_ROOT_CLASS = YES_ERROR;
				CLANG_WARN_QUOTED_INCLUDE_IN_FRAMEWORK_HEADER = YES;
				CLANG_WARN_RANGE_LOOP_ANALYSIS = YES;
				CLANG_WARN_STRICT_PROTOTYPES = YES;
				CLANG_WARN_SUSPICIOUS_MOVE = YES;
				CLANG_WARN_UNGUARDED_AVAILABILITY = YES_AGGRESSIVE;
				CLANG_WARN_UNREACHABLE_CODE = YES;
				CLANG_WARN__DUPLICATE_METHOD_MATCH = YES;
				COPY_PHASE_STRIP = NO;
				DEBUG_INFORMATION_FORMAT = dwarf;
				ENABLE_STRICT_OBJC_MSGSEND = YES;
				ENABLE_TESTABILITY = YES;
				GCC_C_LANGUAGE_STANDARD = gnu11;
				GCC_DYNAMIC_NO_PIC = NO;
				GCC_NO_COMMON_BLOCKS = YES;
				GCC_OPTIMIZATION_LEVEL = 0;
				GCC_PREPROCESSOR_DEFINITIONS = (
					"DEBUG=1",
					"$(inherited)",
				);
				GCC_WARN_64_TO_32_BIT_CONVERSION = YES;
				GCC_WARN_ABOUT_RETURN_TYPE = YES_ERROR;
				GCC_WARN_UNDECLARED_SELECTOR = YES;
				GCC_WARN_UNINITIALIZED_AUTOS = YES_AGGRESSIVE;
				GCC_WARN_UNUSED_FUNCTION = YES;
				GCC_WARN_UNUSED_VARIABLE = YES;
				MTL_ENABLE_DEBUG_INFO = INCLUDE_SOURCE;
				MTL_FAST_MATH = YES;
				ONLY_ACTIVE_ARCH = YES;
				SWIFT_ACTIVE_COMPILATION_CONDITIONS = DEBUG;
				SWIFT_OPTIMIZATION_LEVEL = "-Onone";
			};
			name = Debug;
		};
		38CF090A27203FCC0079C51B /* Release */ = {
			isa = XCBuildConfiguration;
			buildSettings = {
				ALWAYS_SEARCH_USER_PATHS = NO;
				CLANG_ANALYZER_NONNULL = YES;
				CLANG_ANALYZER_NUMBER_OBJECT_CONVERSION = YES_AGGRESSIVE;
				CLANG_CXX_LANGUAGE_STANDARD = "gnu++17";
				CLANG_CXX_LIBRARY = "libc++";
				CLANG_ENABLE_MODULES = YES;
				CLANG_ENABLE_OBJC_ARC = YES;
				CLANG_ENABLE_OBJC_WEAK = YES;
				CLANG_WARN_BLOCK_CAPTURE_AUTORELEASING = YES;
				CLANG_WARN_BOOL_CONVERSION = YES;
				CLANG_WARN_COMMA = YES;
				CLANG_WARN_CONSTANT_CONVERSION = YES;
				CLANG_WARN_DEPRECATED_OBJC_IMPLEMENTATIONS = YES;
				CLANG_WARN_DIRECT_OBJC_ISA_USAGE = YES_ERROR;
				CLANG_WARN_DOCUMENTATION_COMMENTS = YES;
				CLANG_WARN_EMPTY_BODY = YES;
				CLANG_WARN_ENUM_CONVERSION = YES;
				CLANG_WARN_INFINITE_RECURSION = YES;
				CLANG_WARN_INT_CONVERSION = YES;
				CLANG_WARN_NON_LITERAL_NULL_CONVERSION = YES;
				CLANG_WARN_OBJC_IMPLICIT_RETAIN_SELF = YES;
				CLANG_WARN_OBJC_LITERAL_CONVERSION = YES;
				CLANG_WARN_OBJC_ROOT_CLASS = YES_ERROR;
				CLANG_WARN_QUOTED_INCLUDE_IN_FRAMEWORK_HEADER = YES;
				CLANG_WARN_RANGE_LOOP_ANALYSIS = YES;
				CLANG_WARN_STRICT_PROTOTYPES = YES;
				CLANG_WARN_SUSPICIOUS_MOVE = YES;
				CLANG_WARN_UNGUARDED_AVAILABILITY = YES_AGGRESSIVE;
				CLANG_WARN_UNREACHABLE_CODE = YES;
				CLANG_WARN__DUPLICATE_METHOD_MATCH = YES;
				COPY_PHASE_STRIP = NO;
				DEBUG_INFORMATION_FORMAT = "dwarf-with-dsym";
				ENABLE_NS_ASSERTIONS = NO;
				ENABLE_STRICT_OBJC_MSGSEND = YES;
				GCC_C_LANGUAGE_STANDARD = gnu11;
				GCC_NO_COMMON_BLOCKS = YES;
				GCC_WARN_64_TO_32_BIT_CONVERSION = YES;
				GCC_WARN_ABOUT_RETURN_TYPE = YES_ERROR;
				GCC_WARN_UNDECLARED_SELECTOR = YES;
				GCC_WARN_UNINITIALIZED_AUTOS = YES_AGGRESSIVE;
				GCC_WARN_UNUSED_FUNCTION = YES;
				GCC_WARN_UNUSED_VARIABLE = YES;
				MTL_ENABLE_DEBUG_INFO = NO;
				MTL_FAST_MATH = YES;
				SWIFT_COMPILATION_MODE = wholemodule;
				SWIFT_OPTIMIZATION_LEVEL = "-O";
			};
			name = Release;
		};
		38CF090C27203FCC0079C51B /* Debug */ = {
			isa = XCBuildConfiguration;
			buildSettings = {
				ASSETCATALOG_COMPILER_APPICON_NAME = AppIcon;
				ASSETCATALOG_COMPILER_GLOBAL_ACCENT_COLOR_NAME = AccentColor;
				CODE_SIGN_STYLE = Automatic;
				CURRENT_PROJECT_VERSION = 1;
				DEVELOPMENT_TEAM = Q37RAD9XD7;
				ENABLE_PREVIEWS = YES;
				GENERATE_INFOPLIST_FILE = YES;
				INFOPLIST_KEY_UIApplicationSceneManifest_Generation = YES;
				INFOPLIST_KEY_UIApplicationSupportsIndirectInputEvents = YES;
				INFOPLIST_KEY_UILaunchScreen_Generation = YES;
				INFOPLIST_KEY_UISupportedInterfaceOrientations_iPad = "UIInterfaceOrientationPortrait UIInterfaceOrientationPortraitUpsideDown UIInterfaceOrientationLandscapeLeft UIInterfaceOrientationLandscapeRight";
				INFOPLIST_KEY_UISupportedInterfaceOrientations_iPhone = "UIInterfaceOrientationPortrait UIInterfaceOrientationLandscapeLeft UIInterfaceOrientationLandscapeRight";
				IPHONEOS_DEPLOYMENT_TARGET = 15.0;
				LD_RUNPATH_SEARCH_PATHS = (
					"$(inherited)",
					"@executable_path/Frameworks",
				);
				MARKETING_VERSION = 1.0;
				PRODUCT_BUNDLE_IDENTIFIER = "com.codewithAlish.diplom-project";
				PRODUCT_NAME = "diplom-project";
				SDKROOT = iphoneos;
				SWIFT_EMIT_LOC_STRINGS = YES;
				SWIFT_VERSION = 5.0;
				TARGETED_DEVICE_FAMILY = "1,2";
			};
			name = Debug;
		};
		38CF090D27203FCC0079C51B /* Release */ = {
			isa = XCBuildConfiguration;
			buildSettings = {
				ASSETCATALOG_COMPILER_APPICON_NAME = AppIcon;
				ASSETCATALOG_COMPILER_GLOBAL_ACCENT_COLOR_NAME = AccentColor;
				CODE_SIGN_STYLE = Automatic;
				CURRENT_PROJECT_VERSION = 1;
				DEVELOPMENT_TEAM = Q37RAD9XD7;
				ENABLE_PREVIEWS = YES;
				GENERATE_INFOPLIST_FILE = YES;
				INFOPLIST_KEY_UIApplicationSceneManifest_Generation = YES;
				INFOPLIST_KEY_UIApplicationSupportsIndirectInputEvents = YES;
				INFOPLIST_KEY_UILaunchScreen_Generation = YES;
				INFOPLIST_KEY_UISupportedInterfaceOrientations_iPad = "UIInterfaceOrientationPortrait UIInterfaceOrientationPortraitUpsideDown UIInterfaceOrientationLandscapeLeft UIInterfaceOrientationLandscapeRight";
				INFOPLIST_KEY_UISupportedInterfaceOrientations_iPhone = "UIInterfaceOrientationPortrait UIInterfaceOrientationLandscapeLeft UIInterfaceOrientationLandscapeRight";
				IPHONEOS_DEPLOYMENT_TARGET = 15.0;
				LD_RUNPATH_SEARCH_PATHS = (
					"$(inherited)",
					"@executable_path/Frameworks",
				);
				MARKETING_VERSION = 1.0;
				PRODUCT_BUNDLE_IDENTIFIER = "com.codewithAlish.diplom-project";
				PRODUCT_NAME = "diplom-project";
				SDKROOT = iphoneos;
				SWIFT_EMIT_LOC_STRINGS = YES;
				SWIFT_VERSION = 5.0;
				TARGETED_DEVICE_FAMILY = "1,2";
				VALIDATE_PRODUCT = YES;
			};
			name = Release;
		};
		38CF090F27203FCC0079C51B /* Debug */ = {
			isa = XCBuildConfiguration;
			buildSettings = {
				ASSETCATALOG_COMPILER_APPICON_NAME = AppIcon;
				ASSETCATALOG_COMPILER_GLOBAL_ACCENT_COLOR_NAME = AccentColor;
				CODE_SIGN_ENTITLEMENTS = macOS/macOS.entitlements;
				CODE_SIGN_STYLE = Automatic;
				COMBINE_HIDPI_IMAGES = YES;
				CURRENT_PROJECT_VERSION = 1;
				DEVELOPMENT_TEAM = Q37RAD9XD7;
				ENABLE_HARDENED_RUNTIME = YES;
				ENABLE_PREVIEWS = YES;
				GENERATE_INFOPLIST_FILE = YES;
				INFOPLIST_KEY_NSHumanReadableCopyright = "";
				LD_RUNPATH_SEARCH_PATHS = (
					"$(inherited)",
					"@executable_path/../Frameworks",
				);
				MACOSX_DEPLOYMENT_TARGET = 11.0;
				MARKETING_VERSION = 1.0;
				PRODUCT_BUNDLE_IDENTIFIER = "com.codewithAlish.diplom-project";
				PRODUCT_NAME = "diplom-project";
				SDKROOT = macosx;
				SWIFT_EMIT_LOC_STRINGS = YES;
				SWIFT_VERSION = 5.0;
			};
			name = Debug;
		};
		38CF091027203FCC0079C51B /* Release */ = {
			isa = XCBuildConfiguration;
			buildSettings = {
				ASSETCATALOG_COMPILER_APPICON_NAME = AppIcon;
				ASSETCATALOG_COMPILER_GLOBAL_ACCENT_COLOR_NAME = AccentColor;
				CODE_SIGN_ENTITLEMENTS = macOS/macOS.entitlements;
				CODE_SIGN_STYLE = Automatic;
				COMBINE_HIDPI_IMAGES = YES;
				CURRENT_PROJECT_VERSION = 1;
				DEVELOPMENT_TEAM = Q37RAD9XD7;
				ENABLE_HARDENED_RUNTIME = YES;
				ENABLE_PREVIEWS = YES;
				GENERATE_INFOPLIST_FILE = YES;
				INFOPLIST_KEY_NSHumanReadableCopyright = "";
				LD_RUNPATH_SEARCH_PATHS = (
					"$(inherited)",
					"@executable_path/../Frameworks",
				);
				MACOSX_DEPLOYMENT_TARGET = 11.0;
				MARKETING_VERSION = 1.0;
				PRODUCT_BUNDLE_IDENTIFIER = "com.codewithAlish.diplom-project";
				PRODUCT_NAME = "diplom-project";
				SDKROOT = macosx;
				SWIFT_EMIT_LOC_STRINGS = YES;
				SWIFT_VERSION = 5.0;
			};
			name = Release;
		};
/* End XCBuildConfiguration section */

/* Begin XCConfigurationList section */
		38CF08F127203FC90079C51B /* Build configuration list for PBXProject "diplom-project" */ = {
			isa = XCConfigurationList;
			buildConfigurations = (
				38CF090927203FCC0079C51B /* Debug */,
				38CF090A27203FCC0079C51B /* Release */,
			);
			defaultConfigurationIsVisible = 0;
			defaultConfigurationName = Release;
		};
		38CF090B27203FCC0079C51B /* Build configuration list for PBXNativeTarget "diplom-project (iOS)" */ = {
			isa = XCConfigurationList;
			buildConfigurations = (
				38CF090C27203FCC0079C51B /* Debug */,
				38CF090D27203FCC0079C51B /* Release */,
			);
			defaultConfigurationIsVisible = 0;
			defaultConfigurationName = Release;
		};
		38CF090E27203FCC0079C51B /* Build configuration list for PBXNativeTarget "diplom-project (macOS)" */ = {
			isa = XCConfigurationList;
			buildConfigurations = (
				38CF090F27203FCC0079C51B /* Debug */,
				38CF091027203FCC0079C51B /* Release */,
			);
			defaultConfigurationIsVisible = 0;
			defaultConfigurationName = Release;
		};
/* End XCConfigurationList section */

/* Begin XCRemoteSwiftPackageReference section */
		38BE77A7272FF94D008498C3 /* XCRemoteSwiftPackageReference "lottie-ios" */ = {
			isa = XCRemoteSwiftPackageReference;
			repositoryURL = "https://github.com/airbnb/lottie-ios.git";
			requirement = {
				kind = upToNextMajorVersion;
				minimumVersion = 3.0.0;
			};
		};
/* End XCRemoteSwiftPackageReference section */

/* Begin XCSwiftPackageProductDependency section */
		38BE77A8272FF94D008498C3 /* Lottie */ = {
			isa = XCSwiftPackageProductDependency;
			package = 38BE77A7272FF94D008498C3 /* XCRemoteSwiftPackageReference "lottie-ios" */;
			productName = Lottie;
		};
/* End XCSwiftPackageProductDependency section */
	};
	rootObject = 38CF08EE27203FC90079C51B /* Project object */;
}
